// !$*UTF8*$!
{
	archiveVersion = 1;
	classes = {
	};
	objectVersion = 56;
	objects = {

/* Begin PBXBuildFile section */
		C59F05982BFFA01E00B03512 /* AppDelegate.swift in Sources */ = {isa = PBXBuildFile; fileRef = C59F05972BFFA01E00B03512 /* AppDelegate.swift */; };
		C59F059A2BFFA01E00B03512 /* SceneDelegate.swift in Sources */ = {isa = PBXBuildFile; fileRef = C59F05992BFFA01E00B03512 /* SceneDelegate.swift */; };
		C59F059C2BFFA01E00B03512 /* CarListViewController.swift in Sources */ = {isa = PBXBuildFile; fileRef = C59F059B2BFFA01E00B03512 /* CarListViewController.swift */; };
		C59F05A12BFFA02100B03512 /* Assets.xcassets in Resources */ = {isa = PBXBuildFile; fileRef = C59F05A02BFFA02100B03512 /* Assets.xcassets */; };
		C59F05A42BFFA02100B03512 /* Base in Resources */ = {isa = PBXBuildFile; fileRef = C59F05A32BFFA02100B03512 /* Base */; };
		C59F05AD2BFFCDD400B03512 /* LabelFactory.swift in Sources */ = {isa = PBXBuildFile; fileRef = C59F05AC2BFFCDD400B03512 /* LabelFactory.swift */; };
		C59F05B12C00E92C00B03512 /* CarListView.swift in Sources */ = {isa = PBXBuildFile; fileRef = C59F05B02C00E92C00B03512 /* CarListView.swift */; };
		C59F05B32C00EA6600B03512 /* DetailViewController.swift in Sources */ = {isa = PBXBuildFile; fileRef = C59F05B22C00EA6600B03512 /* DetailViewController.swift */; };
		C59F05B52C00EAAE00B03512 /* DetailView.swift in Sources */ = {isa = PBXBuildFile; fileRef = C59F05B42C00EAAE00B03512 /* DetailView.swift */; };
		C59F05B72C00EC0400B03512 /* ColorEnum.swift in Sources */ = {isa = PBXBuildFile; fileRef = C59F05B62C00EC0400B03512 /* ColorEnum.swift */; };
		C59F05BD2C00F44500B03512 /* CarListTableViewCell.swift in Sources */ = {isa = PBXBuildFile; fileRef = C59F05BC2C00F44500B03512 /* CarListTableViewCell.swift */; };
		C59F05BF2C00F74100B03512 /* ImageFactory.swift in Sources */ = {isa = PBXBuildFile; fileRef = C59F05BE2C00F74100B03512 /* ImageFactory.swift */; };
		C59F05C12C011A2500B03512 /* TableViewFactory.swift in Sources */ = {isa = PBXBuildFile; fileRef = C59F05C02C011A2400B03512 /* TableViewFactory.swift */; };
		C59F05C42C03A62D00B03512 /* CarListDataSource.swift in Sources */ = {isa = PBXBuildFile; fileRef = C59F05C32C03A62D00B03512 /* CarListDataSource.swift */; };
		C59F05C62C03AD4000B03512 /* DetailTableViewCell.swift in Sources */ = {isa = PBXBuildFile; fileRef = C59F05C52C03AD4000B03512 /* DetailTableViewCell.swift */; };
		C59F05C92C03CD2F00B03512 /* Cars.json in Resources */ = {isa = PBXBuildFile; fileRef = C59F05C72C03CD2F00B03512 /* Cars.json */; };
		C59F05CB2C03CD8000B03512 /* CarCatalogStruct.swift in Sources */ = {isa = PBXBuildFile; fileRef = C59F05CA2C03CD8000B03512 /* CarCatalogStruct.swift */; };
		C5BA44BE2C03CFB50021148C /* DetailDataSource.swift in Sources */ = {isa = PBXBuildFile; fileRef = C5BA44BD2C03CFB50021148C /* DetailDataSource.swift */; };
		C5BA44C12C03D0150021148C /* NetworkService.swift in Sources */ = {isa = PBXBuildFile; fileRef = C5BA44C02C03D0150021148C /* NetworkService.swift */; };
		C5BA44C42C03D0A70021148C /* CarManager.swift in Sources */ = {isa = PBXBuildFile; fileRef = C5BA44C32C03D0A70021148C /* CarManager.swift */; };
		C5BA44C62C03D9640021148C /* StackFactory.swift in Sources */ = {isa = PBXBuildFile; fileRef = C5BA44C52C03D9640021148C /* StackFactory.swift */; };
/* End PBXBuildFile section */

/* Begin PBXFileReference section */
		C59F05942BFFA01E00B03512 /* homework6.app */ = {isa = PBXFileReference; explicitFileType = wrapper.application; includeInIndex = 0; path = homework6.app; sourceTree = BUILT_PRODUCTS_DIR; };
		C59F05972BFFA01E00B03512 /* AppDelegate.swift */ = {isa = PBXFileReference; lastKnownFileType = sourcecode.swift; path = AppDelegate.swift; sourceTree = "<group>"; };
		C59F05992BFFA01E00B03512 /* SceneDelegate.swift */ = {isa = PBXFileReference; lastKnownFileType = sourcecode.swift; path = SceneDelegate.swift; sourceTree = "<group>"; };
		C59F059B2BFFA01E00B03512 /* CarListViewController.swift */ = {isa = PBXFileReference; lastKnownFileType = sourcecode.swift; path = CarListViewController.swift; sourceTree = "<group>"; };
		C59F05A02BFFA02100B03512 /* Assets.xcassets */ = {isa = PBXFileReference; lastKnownFileType = folder.assetcatalog; path = Assets.xcassets; sourceTree = "<group>"; };
		C59F05A32BFFA02100B03512 /* Base */ = {isa = PBXFileReference; lastKnownFileType = file.storyboard; name = Base; path = Base.lproj/LaunchScreen.storyboard; sourceTree = "<group>"; };
		C59F05A52BFFA02100B03512 /* Info.plist */ = {isa = PBXFileReference; lastKnownFileType = text.plist.xml; path = Info.plist; sourceTree = "<group>"; };
		C59F05AC2BFFCDD400B03512 /* LabelFactory.swift */ = {isa = PBXFileReference; lastKnownFileType = sourcecode.swift; path = LabelFactory.swift; sourceTree = "<group>"; };
		C59F05B02C00E92C00B03512 /* CarListView.swift */ = {isa = PBXFileReference; lastKnownFileType = sourcecode.swift; path = CarListView.swift; sourceTree = "<group>"; };
		C59F05B22C00EA6600B03512 /* DetailViewController.swift */ = {isa = PBXFileReference; lastKnownFileType = sourcecode.swift; path = DetailViewController.swift; sourceTree = "<group>"; };
		C59F05B42C00EAAE00B03512 /* DetailView.swift */ = {isa = PBXFileReference; lastKnownFileType = sourcecode.swift; path = DetailView.swift; sourceTree = "<group>"; };
		C59F05B62C00EC0400B03512 /* ColorEnum.swift */ = {isa = PBXFileReference; lastKnownFileType = sourcecode.swift; path = ColorEnum.swift; sourceTree = "<group>"; };
		C59F05BC2C00F44500B03512 /* CarListTableViewCell.swift */ = {isa = PBXFileReference; lastKnownFileType = sourcecode.swift; path = CarListTableViewCell.swift; sourceTree = "<group>"; };
		C59F05BE2C00F74100B03512 /* ImageFactory.swift */ = {isa = PBXFileReference; lastKnownFileType = sourcecode.swift; path = ImageFactory.swift; sourceTree = "<group>"; };
		C59F05C02C011A2400B03512 /* TableViewFactory.swift */ = {isa = PBXFileReference; lastKnownFileType = sourcecode.swift; path = TableViewFactory.swift; sourceTree = "<group>"; };
		C59F05C32C03A62D00B03512 /* CarListDataSource.swift */ = {isa = PBXFileReference; lastKnownFileType = sourcecode.swift; path = CarListDataSource.swift; sourceTree = "<group>"; };
		C59F05C52C03AD4000B03512 /* DetailTableViewCell.swift */ = {isa = PBXFileReference; lastKnownFileType = sourcecode.swift; path = DetailTableViewCell.swift; sourceTree = "<group>"; };
		C59F05C82C03CD2F00B03512 /* en */ = {isa = PBXFileReference; lastKnownFileType = text.json; name = en; path = en.lproj/Cars.json; sourceTree = "<group>"; };
		C59F05CA2C03CD8000B03512 /* CarCatalogStruct.swift */ = {isa = PBXFileReference; lastKnownFileType = sourcecode.swift; path = CarCatalogStruct.swift; sourceTree = "<group>"; };
		C5BA44BD2C03CFB50021148C /* DetailDataSource.swift */ = {isa = PBXFileReference; lastKnownFileType = sourcecode.swift; path = DetailDataSource.swift; sourceTree = "<group>"; };
		C5BA44C02C03D0150021148C /* NetworkService.swift */ = {isa = PBXFileReference; lastKnownFileType = sourcecode.swift; path = NetworkService.swift; sourceTree = "<group>"; };
		C5BA44C32C03D0A70021148C /* CarManager.swift */ = {isa = PBXFileReference; lastKnownFileType = sourcecode.swift; path = CarManager.swift; sourceTree = "<group>"; };
		C5BA44C52C03D9640021148C /* StackFactory.swift */ = {isa = PBXFileReference; lastKnownFileType = sourcecode.swift; path = StackFactory.swift; sourceTree = "<group>"; };
/* End PBXFileReference section */

/* Begin PBXFrameworksBuildPhase section */
		C59F05912BFFA01E00B03512 /* Frameworks */ = {
			isa = PBXFrameworksBuildPhase;
			buildActionMask = 2147483647;
			files = (
			);
			runOnlyForDeploymentPostprocessing = 0;
		};
/* End PBXFrameworksBuildPhase section */

/* Begin PBXGroup section */
		C59F058B2BFFA01E00B03512 = {
			isa = PBXGroup;
			children = (
				C59F05962BFFA01E00B03512 /* homework6 */,
				C59F05952BFFA01E00B03512 /* Products */,
			);
			sourceTree = "<group>";
		};
		C59F05952BFFA01E00B03512 /* Products */ = {
			isa = PBXGroup;
			children = (
				C59F05942BFFA01E00B03512 /* homework6.app */,
			);
			name = Products;
			sourceTree = "<group>";
		};
		C59F05962BFFA01E00B03512 /* homework6 */ = {
			isa = PBXGroup;
			children = (
				C59F05B92C00EC3300B03512 /* Application */,
				C59F05B82C00EC2900B03512 /* Enum */,
				C5BA44C22C03D0680021148C /* Model */,
				C5BA44BF2C03CFE50021148C /* DataSource */,
				C59F05AF2C00E90200B03512 /* View */,
				C59F05AE2C00E8F600B03512 /* ViewController */,
				C59F05AB2BFFCDB700B03512 /* Factory */,
				C59F05A52BFFA02100B03512 /* Info.plist */,
				C59F05A02BFFA02100B03512 /* Assets.xcassets */,
				C59F05A22BFFA02100B03512 /* LaunchScreen.storyboard */,
				C59F05C72C03CD2F00B03512 /* Cars.json */,
			);
			path = homework6;
			sourceTree = "<group>";
		};
		C59F05AB2BFFCDB700B03512 /* Factory */ = {
			isa = PBXGroup;
			children = (
				C59F05AC2BFFCDD400B03512 /* LabelFactory.swift */,
				C59F05BE2C00F74100B03512 /* ImageFactory.swift */,
				C59F05C02C011A2400B03512 /* TableViewFactory.swift */,
				C5BA44C52C03D9640021148C /* StackFactory.swift */,
			);
			path = Factory;
			sourceTree = "<group>";
		};
		C59F05AE2C00E8F600B03512 /* ViewController */ = {
			isa = PBXGroup;
			children = (
				C59F059B2BFFA01E00B03512 /* CarListViewController.swift */,
				C59F05B22C00EA6600B03512 /* DetailViewController.swift */,
			);
			path = ViewController;
			sourceTree = "<group>";
		};
		C59F05AF2C00E90200B03512 /* View */ = {
			isa = PBXGroup;
			children = (
				C59F05BA2C00F40A00B03512 /* CarList */,
				C59F05BB2C00F41400B03512 /* Detail */,
			);
			path = View;
			sourceTree = "<group>";
		};
		C59F05B82C00EC2900B03512 /* Enum */ = {
			isa = PBXGroup;
			children = (
				C59F05B62C00EC0400B03512 /* ColorEnum.swift */,
			);
			path = Enum;
			sourceTree = "<group>";
		};
		C59F05B92C00EC3300B03512 /* Application */ = {
			isa = PBXGroup;
			children = (
				C59F05972BFFA01E00B03512 /* AppDelegate.swift */,
				C59F05992BFFA01E00B03512 /* SceneDelegate.swift */,
			);
			path = Application;
			sourceTree = "<group>";
		};
		C59F05BA2C00F40A00B03512 /* CarList */ = {
			isa = PBXGroup;
			children = (
				C59F05B02C00E92C00B03512 /* CarListView.swift */,
				C59F05BC2C00F44500B03512 /* CarListTableViewCell.swift */,
			);
			path = CarList;
			sourceTree = "<group>";
		};
		C59F05BB2C00F41400B03512 /* Detail */ = {
			isa = PBXGroup;
			children = (
				C59F05B42C00EAAE00B03512 /* DetailView.swift */,
				C59F05C52C03AD4000B03512 /* DetailTableViewCell.swift */,
			);
			path = Detail;
			sourceTree = "<group>";
		};
		C5BA44BF2C03CFE50021148C /* DataSource */ = {
			isa = PBXGroup;
			children = (
				C59F05C32C03A62D00B03512 /* CarListDataSource.swift */,
				C5BA44BD2C03CFB50021148C /* DetailDataSource.swift */,
			);
			path = DataSource;
			sourceTree = "<group>";
		};
		C5BA44C22C03D0680021148C /* Model */ = {
			isa = PBXGroup;
			children = (
				C59F05CA2C03CD8000B03512 /* CarCatalogStruct.swift */,
				C5BA44C02C03D0150021148C /* NetworkService.swift */,
				C5BA44C32C03D0A70021148C /* CarManager.swift */,
			);
			path = Model;
			sourceTree = "<group>";
		};
/* End PBXGroup section */

/* Begin PBXNativeTarget section */
		C59F05932BFFA01E00B03512 /* homework6 */ = {
			isa = PBXNativeTarget;
			buildConfigurationList = C59F05A82BFFA02100B03512 /* Build configuration list for PBXNativeTarget "homework6" */;
			buildPhases = (
				C59F05902BFFA01E00B03512 /* Sources */,
				C59F05912BFFA01E00B03512 /* Frameworks */,
				C59F05922BFFA01E00B03512 /* Resources */,
			);
			buildRules = (
			);
			dependencies = (
			);
			name = homework6;
			productName = homework6;
			productReference = C59F05942BFFA01E00B03512 /* homework6.app */;
			productType = "com.apple.product-type.application";
		};
/* End PBXNativeTarget section */

/* Begin PBXProject section */
		C59F058C2BFFA01E00B03512 /* Project object */ = {
			isa = PBXProject;
			attributes = {
				BuildIndependentTargetsInParallel = 1;
				LastSwiftUpdateCheck = 1540;
				LastUpgradeCheck = 1540;
				TargetAttributes = {
					C59F05932BFFA01E00B03512 = {
						CreatedOnToolsVersion = 15.4;
					};
				};
			};
			buildConfigurationList = C59F058F2BFFA01E00B03512 /* Build configuration list for PBXProject "homework6" */;
			compatibilityVersion = "Xcode 14.0";
			developmentRegion = en;
			hasScannedForEncodings = 0;
			knownRegions = (
				en,
				Base,
			);
			mainGroup = C59F058B2BFFA01E00B03512;
			productRefGroup = C59F05952BFFA01E00B03512 /* Products */;
			projectDirPath = "";
			projectRoot = "";
			targets = (
				C59F05932BFFA01E00B03512 /* homework6 */,
			);
		};
/* End PBXProject section */

/* Begin PBXResourcesBuildPhase section */
		C59F05922BFFA01E00B03512 /* Resources */ = {
			isa = PBXResourcesBuildPhase;
			buildActionMask = 2147483647;
			files = (
				C59F05A12BFFA02100B03512 /* Assets.xcassets in Resources */,
				C59F05A42BFFA02100B03512 /* Base in Resources */,
				C59F05C92C03CD2F00B03512 /* Cars.json in Resources */,
			);
			runOnlyForDeploymentPostprocessing = 0;
		};
/* End PBXResourcesBuildPhase section */

/* Begin PBXSourcesBuildPhase section */
		C59F05902BFFA01E00B03512 /* Sources */ = {
			isa = PBXSourcesBuildPhase;
			buildActionMask = 2147483647;
			files = (
				C59F05BF2C00F74100B03512 /* ImageFactory.swift in Sources */,
				C59F059C2BFFA01E00B03512 /* CarListViewController.swift in Sources */,
				C59F05B12C00E92C00B03512 /* CarListView.swift in Sources */,
				C5BA44BE2C03CFB50021148C /* DetailDataSource.swift in Sources */,
				C59F05C62C03AD4000B03512 /* DetailTableViewCell.swift in Sources */,
				C59F05AD2BFFCDD400B03512 /* LabelFactory.swift in Sources */,
				C5BA44C42C03D0A70021148C /* CarManager.swift in Sources */,
				C59F05CB2C03CD8000B03512 /* CarCatalogStruct.swift in Sources */,
				C59F05B52C00EAAE00B03512 /* DetailView.swift in Sources */,
				C59F05C12C011A2500B03512 /* TableViewFactory.swift in Sources */,
				C59F05B32C00EA6600B03512 /* DetailViewController.swift in Sources */,
				C5BA44C12C03D0150021148C /* NetworkService.swift in Sources */,
				C59F05C42C03A62D00B03512 /* CarListDataSource.swift in Sources */,
				C59F05BD2C00F44500B03512 /* CarListTableViewCell.swift in Sources */,
				C59F05982BFFA01E00B03512 /* AppDelegate.swift in Sources */,
				C59F05B72C00EC0400B03512 /* ColorEnum.swift in Sources */,
				C59F059A2BFFA01E00B03512 /* SceneDelegate.swift in Sources */,
				C5BA44C62C03D9640021148C /* StackFactory.swift in Sources */,
			);
			runOnlyForDeploymentPostprocessing = 0;
		};
/* End PBXSourcesBuildPhase section */

/* Begin PBXVariantGroup section */
		C59F05A22BFFA02100B03512 /* LaunchScreen.storyboard */ = {
			isa = PBXVariantGroup;
			children = (
				C59F05A32BFFA02100B03512 /* Base */,
			);
			name = LaunchScreen.storyboard;
			sourceTree = "<group>";
		};
		C59F05C72C03CD2F00B03512 /* Cars.json */ = {
			isa = PBXVariantGroup;
			children = (
				C59F05C82C03CD2F00B03512 /* en */,
			);
			name = Cars.json;
			sourceTree = "<group>";
		};
/* End PBXVariantGroup section */

/* Begin XCBuildConfiguration section */
		C59F05A62BFFA02100B03512 /* Debug */ = {
			isa = XCBuildConfiguration;
			buildSettings = {
				ALWAYS_SEARCH_USER_PATHS = NO;
				ASSETCATALOG_COMPILER_GENERATE_SWIFT_ASSET_SYMBOL_EXTENSIONS = YES;
				CLANG_ANALYZER_NONNULL = YES;
				CLANG_ANALYZER_NUMBER_OBJECT_CONVERSION = YES_AGGRESSIVE;
				CLANG_CXX_LANGUAGE_STANDARD = "gnu++20";
				CLANG_ENABLE_MODULES = YES;
				CLANG_ENABLE_OBJC_ARC = YES;
				CLANG_ENABLE_OBJC_WEAK = YES;
				CLANG_WARN_BLOCK_CAPTURE_AUTORELEASING = YES;
				CLANG_WARN_BOOL_CONVERSION = YES;
				CLANG_WARN_COMMA = YES;
				CLANG_WARN_CONSTANT_CONVERSION = YES;
				CLANG_WARN_DEPRECATED_OBJC_IMPLEMENTATIONS = YES;
				CLANG_WARN_DIRECT_OBJC_ISA_USAGE = YES_ERROR;
				CLANG_WARN_DOCUMENTATION_COMMENTS = YES;
				CLANG_WARN_EMPTY_BODY = YES;
				CLANG_WARN_ENUM_CONVERSION = YES;
				CLANG_WARN_INFINITE_RECURSION = YES;
				CLANG_WARN_INT_CONVERSION = YES;
				CLANG_WARN_NON_LITERAL_NULL_CONVERSION = YES;
				CLANG_WARN_OBJC_IMPLICIT_RETAIN_SELF = YES;
				CLANG_WARN_OBJC_LITERAL_CONVERSION = YES;
				CLANG_WARN_OBJC_ROOT_CLASS = YES_ERROR;
				CLANG_WARN_QUOTED_INCLUDE_IN_FRAMEWORK_HEADER = YES;
				CLANG_WARN_RANGE_LOOP_ANALYSIS = YES;
				CLANG_WARN_STRICT_PROTOTYPES = YES;
				CLANG_WARN_SUSPICIOUS_MOVE = YES;
				CLANG_WARN_UNGUARDED_AVAILABILITY = YES_AGGRESSIVE;
				CLANG_WARN_UNREACHABLE_CODE = YES;
				CLANG_WARN__DUPLICATE_METHOD_MATCH = YES;
				COPY_PHASE_STRIP = NO;
				DEBUG_INFORMATION_FORMAT = dwarf;
				ENABLE_STRICT_OBJC_MSGSEND = YES;
				ENABLE_TESTABILITY = YES;
				ENABLE_USER_SCRIPT_SANDBOXING = YES;
				GCC_C_LANGUAGE_STANDARD = gnu17;
				GCC_DYNAMIC_NO_PIC = NO;
				GCC_NO_COMMON_BLOCKS = YES;
				GCC_OPTIMIZATION_LEVEL = 0;
				GCC_PREPROCESSOR_DEFINITIONS = (
					"DEBUG=1",
					"$(inherited)",
				);
				GCC_WARN_64_TO_32_BIT_CONVERSION = YES;
				GCC_WARN_ABOUT_RETURN_TYPE = YES_ERROR;
				GCC_WARN_UNDECLARED_SELECTOR = YES;
				GCC_WARN_UNINITIALIZED_AUTOS = YES_AGGRESSIVE;
				GCC_WARN_UNUSED_FUNCTION = YES;
				GCC_WARN_UNUSED_VARIABLE = YES;
				IPHONEOS_DEPLOYMENT_TARGET = 17.5;
				LOCALIZATION_PREFERS_STRING_CATALOGS = YES;
				MTL_ENABLE_DEBUG_INFO = INCLUDE_SOURCE;
				MTL_FAST_MATH = YES;
				ONLY_ACTIVE_ARCH = YES;
				SDKROOT = iphoneos;
				SWIFT_ACTIVE_COMPILATION_CONDITIONS = "DEBUG $(inherited)";
				SWIFT_OPTIMIZATION_LEVEL = "-Onone";
			};
			name = Debug;
		};
		C59F05A72BFFA02100B03512 /* Release */ = {
			isa = XCBuildConfiguration;
			buildSettings = {
				ALWAYS_SEARCH_USER_PATHS = NO;
				ASSETCATALOG_COMPILER_GENERATE_SWIFT_ASSET_SYMBOL_EXTENSIONS = YES;
				CLANG_ANALYZER_NONNULL = YES;
				CLANG_ANALYZER_NUMBER_OBJECT_CONVERSION = YES_AGGRESSIVE;
				CLANG_CXX_LANGUAGE_STANDARD = "gnu++20";
				CLANG_ENABLE_MODULES = YES;
				CLANG_ENABLE_OBJC_ARC = YES;
				CLANG_ENABLE_OBJC_WEAK = YES;
				CLANG_WARN_BLOCK_CAPTURE_AUTORELEASING = YES;
				CLANG_WARN_BOOL_CONVERSION = YES;
				CLANG_WARN_COMMA = YES;
				CLANG_WARN_CONSTANT_CONVERSION = YES;
				CLANG_WARN_DEPRECATED_OBJC_IMPLEMENTATIONS = YES;
				CLANG_WARN_DIRECT_OBJC_ISA_USAGE = YES_ERROR;
				CLANG_WARN_DOCUMENTATION_COMMENTS = YES;
				CLANG_WARN_EMPTY_BODY = YES;
				CLANG_WARN_ENUM_CONVERSION = YES;
				CLANG_WARN_INFINITE_RECURSION = YES;
				CLANG_WARN_INT_CONVERSION = YES;
				CLANG_WARN_NON_LITERAL_NULL_CONVERSION = YES;
				CLANG_WARN_OBJC_IMPLICIT_RETAIN_SELF = YES;
				CLANG_WARN_OBJC_LITERAL_CONVERSION = YES;
				CLANG_WARN_OBJC_ROOT_CLASS = YES_ERROR;
				CLANG_WARN_QUOTED_INCLUDE_IN_FRAMEWORK_HEADER = YES;
				CLANG_WARN_RANGE_LOOP_ANALYSIS = YES;
				CLANG_WARN_STRICT_PROTOTYPES = YES;
				CLANG_WARN_SUSPICIOUS_MOVE = YES;
				CLANG_WARN_UNGUARDED_AVAILABILITY = YES_AGGRESSIVE;
				CLANG_WARN_UNREACHABLE_CODE = YES;
				CLANG_WARN__DUPLICATE_METHOD_MATCH = YES;
				COPY_PHASE_STRIP = NO;
				DEBUG_INFORMATION_FORMAT = "dwarf-with-dsym";
				ENABLE_NS_ASSERTIONS = NO;
				ENABLE_STRICT_OBJC_MSGSEND = YES;
				ENABLE_USER_SCRIPT_SANDBOXING = YES;
				GCC_C_LANGUAGE_STANDARD = gnu17;
				GCC_NO_COMMON_BLOCKS = YES;
				GCC_WARN_64_TO_32_BIT_CONVERSION = YES;
				GCC_WARN_ABOUT_RETURN_TYPE = YES_ERROR;
				GCC_WARN_UNDECLARED_SELECTOR = YES;
				GCC_WARN_UNINITIALIZED_AUTOS = YES_AGGRESSIVE;
				GCC_WARN_UNUSED_FUNCTION = YES;
				GCC_WARN_UNUSED_VARIABLE = YES;
				IPHONEOS_DEPLOYMENT_TARGET = 17.5;
				LOCALIZATION_PREFERS_STRING_CATALOGS = YES;
				MTL_ENABLE_DEBUG_INFO = NO;
				MTL_FAST_MATH = YES;
				SDKROOT = iphoneos;
				SWIFT_COMPILATION_MODE = wholemodule;
				VALIDATE_PRODUCT = YES;
			};
			name = Release;
		};
		C59F05A92BFFA02100B03512 /* Debug */ = {
			isa = XCBuildConfiguration;
			buildSettings = {
				ASSETCATALOG_COMPILER_APPICON_NAME = AppIcon;
				ASSETCATALOG_COMPILER_GLOBAL_ACCENT_COLOR_NAME = AccentColor;
				CODE_SIGN_STYLE = Automatic;
				CURRENT_PROJECT_VERSION = 1;
				DEVELOPMENT_TEAM = 45GX59UTNT;
				GENERATE_INFOPLIST_FILE = YES;
				INFOPLIST_FILE = homework6/Info.plist;
				INFOPLIST_KEY_UIApplicationSupportsIndirectInputEvents = YES;
				INFOPLIST_KEY_UILaunchStoryboardName = LaunchScreen;
				INFOPLIST_KEY_UISupportedInterfaceOrientations = UIInterfaceOrientationPortrait;
				INFOPLIST_KEY_UISupportedInterfaceOrientations_iPad = "UIInterfaceOrientationLandscapeLeft UIInterfaceOrientationLandscapeRight UIInterfaceOrientationPortrait UIInterfaceOrientationPortraitUpsideDown";
				LD_RUNPATH_SEARCH_PATHS = (
					"$(inherited)",
					"@executable_path/Frameworks",
				);
				MARKETING_VERSION = 1.0;
				PRODUCT_BUNDLE_IDENTIFIER = com.emmaderbe.homework6;
				PRODUCT_NAME = "$(TARGET_NAME)";
				SUPPORTED_PLATFORMS = "iphoneos iphonesimulator";
				SUPPORTS_MACCATALYST = NO;
				SUPPORTS_MAC_DESIGNED_FOR_IPHONE_IPAD = NO;
				SUPPORTS_XR_DESIGNED_FOR_IPHONE_IPAD = NO;
				SWIFT_EMIT_LOC_STRINGS = YES;
				SWIFT_VERSION = 5.0;
				TARGETED_DEVICE_FAMILY = 1;
			};
			name = Debug;
		};
		C59F05AA2BFFA02100B03512 /* Release */ = {
			isa = XCBuildConfiguration;
			buildSettings = {
				ASSETCATALOG_COMPILER_APPICON_NAME = AppIcon;
				ASSETCATALOG_COMPILER_GLOBAL_ACCENT_COLOR_NAME = AccentColor;
				CODE_SIGN_STYLE = Automatic;
				CURRENT_PROJECT_VERSION = 1;
				DEVELOPMENT_TEAM = 45GX59UTNT;
				GENERATE_INFOPLIST_FILE = YES;
				INFOPLIST_FILE = homework6/Info.plist;
				INFOPLIST_KEY_UIApplicationSupportsIndirectInputEvents = YES;
				INFOPLIST_KEY_UILaunchStoryboardName = LaunchScreen;
				INFOPLIST_KEY_UISupportedInterfaceOrientations = UIInterfaceOrientationPortrait;
				INFOPLIST_KEY_UISupportedInterfaceOrientations_iPad = "UIInterfaceOrientationLandscapeLeft UIInterfaceOrientationLandscapeRight UIInterfaceOrientationPortrait UIInterfaceOrientationPortraitUpsideDown";
				LD_RUNPATH_SEARCH_PATHS = (
					"$(inherited)",
					"@executable_path/Frameworks",
				);
				MARKETING_VERSION = 1.0;
				PRODUCT_BUNDLE_IDENTIFIER = com.emmaderbe.homework6;
				PRODUCT_NAME = "$(TARGET_NAME)";
				SUPPORTED_PLATFORMS = "iphoneos iphonesimulator";
				SUPPORTS_MACCATALYST = NO;
				SUPPORTS_MAC_DESIGNED_FOR_IPHONE_IPAD = NO;
				SUPPORTS_XR_DESIGNED_FOR_IPHONE_IPAD = NO;
				SWIFT_EMIT_LOC_STRINGS = YES;
				SWIFT_VERSION = 5.0;
				TARGETED_DEVICE_FAMILY = 1;
			};
			name = Release;
		};
/* End XCBuildConfiguration section */

/* Begin XCConfigurationList section */
		C59F058F2BFFA01E00B03512 /* Build configuration list for PBXProject "homework6" */ = {
			isa = XCConfigurationList;
			buildConfigurations = (
				C59F05A62BFFA02100B03512 /* Debug */,
				C59F05A72BFFA02100B03512 /* Release */,
			);
			defaultConfigurationIsVisible = 0;
			defaultConfigurationName = Release;
		};
		C59F05A82BFFA02100B03512 /* Build configuration list for PBXNativeTarget "homework6" */ = {
			isa = XCConfigurationList;
			buildConfigurations = (
				C59F05A92BFFA02100B03512 /* Debug */,
				C59F05AA2BFFA02100B03512 /* Release */,
			);
			defaultConfigurationIsVisible = 0;
			defaultConfigurationName = Release;
		};
/* End XCConfigurationList section */
	};
	rootObject = C59F058C2BFFA01E00B03512 /* Project object */;
}
